// !$*UTF8*$!
{
	archiveVersion = 1;
	classes = {
	};
	objectVersion = 46;
	objects = {

/* Begin PBXBuildFile section */
		DC599B2217EFE546006270CC /* Foundation.framework in Frameworks */ = {isa = PBXBuildFile; fileRef = DC599B2117EFE546006270CC /* Foundation.framework */; };
		DC599B2417EFE546006270CC /* CoreGraphics.framework in Frameworks */ = {isa = PBXBuildFile; fileRef = DC599B2317EFE546006270CC /* CoreGraphics.framework */; };
		DC599B2617EFE546006270CC /* UIKit.framework in Frameworks */ = {isa = PBXBuildFile; fileRef = DC599B2517EFE546006270CC /* UIKit.framework */; };
		DC599B2817EFE546006270CC /* GLKit.framework in Frameworks */ = {isa = PBXBuildFile; fileRef = DC599B2717EFE546006270CC /* GLKit.framework */; };
		DC599B2A17EFE546006270CC /* OpenGLES.framework in Frameworks */ = {isa = PBXBuildFile; fileRef = DC599B2917EFE546006270CC /* OpenGLES.framework */; };
		DC599B3017EFE546006270CC /* InfoPlist.strings in Resources */ = {isa = PBXBuildFile; fileRef = DC599B2E17EFE546006270CC /* InfoPlist.strings */; };
		DC599B3217EFE546006270CC /* main.m in Sources */ = {isa = PBXBuildFile; fileRef = DC599B3117EFE546006270CC /* main.m */; };
		DC599B3617EFE546006270CC /* AppDelegate.m in Sources */ = {isa = PBXBuildFile; fileRef = DC599B3517EFE546006270CC /* AppDelegate.m */; };
		DC599B3917EFE546006270CC /* Main_iPhone.storyboard in Resources */ = {isa = PBXBuildFile; fileRef = DC599B3717EFE546006270CC /* Main_iPhone.storyboard */; };
		DC599B3C17EFE546006270CC /* Main_iPad.storyboard in Resources */ = {isa = PBXBuildFile; fileRef = DC599B3A17EFE546006270CC /* Main_iPad.storyboard */; };
		DC599B3E17EFE546006270CC /* Shader.fsh in Resources */ = {isa = PBXBuildFile; fileRef = DC599B3D17EFE546006270CC /* Shader.fsh */; };
		DC599B4017EFE546006270CC /* Shader.vsh in Resources */ = {isa = PBXBuildFile; fileRef = DC599B3F17EFE546006270CC /* Shader.vsh */; };
		DC599B4317EFE547006270CC /* ViewController.m in Sources */ = {isa = PBXBuildFile; fileRef = DC599B4217EFE547006270CC /* ViewController.m */; };
		DC599B4517EFE547006270CC /* Images.xcassets in Resources */ = {isa = PBXBuildFile; fileRef = DC599B4417EFE547006270CC /* Images.xcassets */; };
		DC599B4C17EFE547006270CC /* XCTest.framework in Frameworks */ = {isa = PBXBuildFile; fileRef = DC599B4B17EFE547006270CC /* XCTest.framework */; };
		DC599B4D17EFE547006270CC /* Foundation.framework in Frameworks */ = {isa = PBXBuildFile; fileRef = DC599B2117EFE546006270CC /* Foundation.framework */; };
		DC599B4E17EFE547006270CC /* UIKit.framework in Frameworks */ = {isa = PBXBuildFile; fileRef = DC599B2517EFE546006270CC /* UIKit.framework */; };
		DC599B5617EFE547006270CC /* InfoPlist.strings in Resources */ = {isa = PBXBuildFile; fileRef = DC599B5417EFE547006270CC /* InfoPlist.strings */; };
		DC599B5817EFE547006270CC /* BubbleTroubleTests.m in Sources */ = {isa = PBXBuildFile; fileRef = DC599B5717EFE547006270CC /* BubbleTroubleTests.m */; };
/* End PBXBuildFile section */

/* Begin PBXContainerItemProxy section */
		DC599B4F17EFE547006270CC /* PBXContainerItemProxy */ = {
			isa = PBXContainerItemProxy;
			containerPortal = DC599B1617EFE546006270CC /* Project object */;
			proxyType = 1;
			remoteGlobalIDString = DC599B1D17EFE546006270CC;
			remoteInfo = BubbleTrouble;
		};
/* End PBXContainerItemProxy section */

/* Begin PBXFileReference section */
		DC599B1E17EFE546006270CC /* BubbleTrouble.app */ = {isa = PBXFileReference; explicitFileType = wrapper.application; includeInIndex = 0; path = BubbleTrouble.app; sourceTree = BUILT_PRODUCTS_DIR; };
		DC599B2117EFE546006270CC /* Foundation.framework */ = {isa = PBXFileReference; lastKnownFileType = wrapper.framework; name = Foundation.framework; path = System/Library/Frameworks/Foundation.framework; sourceTree = SDKROOT; };
		DC599B2317EFE546006270CC /* CoreGraphics.framework */ = {isa = PBXFileReference; lastKnownFileType = wrapper.framework; name = CoreGraphics.framework; path = System/Library/Frameworks/CoreGraphics.framework; sourceTree = SDKROOT; };
		DC599B2517EFE546006270CC /* UIKit.framework */ = {isa = PBXFileReference; lastKnownFileType = wrapper.framework; name = UIKit.framework; path = System/Library/Frameworks/UIKit.framework; sourceTree = SDKROOT; };
		DC599B2717EFE546006270CC /* GLKit.framework */ = {isa = PBXFileReference; lastKnownFileType = wrapper.framework; name = GLKit.framework; path = System/Library/Frameworks/GLKit.framework; sourceTree = SDKROOT; };
		DC599B2917EFE546006270CC /* OpenGLES.framework */ = {isa = PBXFileReference; lastKnownFileType = wrapper.framework; name = OpenGLES.framework; path = System/Library/Frameworks/OpenGLES.framework; sourceTree = SDKROOT; };
		DC599B2D17EFE546006270CC /* BubbleTrouble-Info.plist */ = {isa = PBXFileReference; lastKnownFileType = text.plist.xml; path = "BubbleTrouble-Info.plist"; sourceTree = "<group>"; };
		DC599B2F17EFE546006270CC /* en */ = {isa = PBXFileReference; lastKnownFileType = text.plist.strings; name = en; path = en.lproj/InfoPlist.strings; sourceTree = "<group>"; };
		DC599B3117EFE546006270CC /* main.m */ = {isa = PBXFileReference; lastKnownFileType = sourcecode.c.objc; path = main.m; sourceTree = "<group>"; };
		DC599B3317EFE546006270CC /* BubbleTrouble-Prefix.pch */ = {isa = PBXFileReference; lastKnownFileType = sourcecode.c.h; path = "BubbleTrouble-Prefix.pch"; sourceTree = "<group>"; };
		DC599B3417EFE546006270CC /* AppDelegate.h */ = {isa = PBXFileReference; lastKnownFileType = sourcecode.c.h; path = AppDelegate.h; sourceTree = "<group>"; };
		DC599B3517EFE546006270CC /* AppDelegate.m */ = {isa = PBXFileReference; lastKnownFileType = sourcecode.c.objc; path = AppDelegate.m; sourceTree = "<group>"; };
		DC599B3817EFE546006270CC /* Base */ = {isa = PBXFileReference; lastKnownFileType = file.storyboard; name = Base; path = Base.lproj/Main_iPhone.storyboard; sourceTree = "<group>"; };
		DC599B3B17EFE546006270CC /* Base */ = {isa = PBXFileReference; lastKnownFileType = file.storyboard; name = Base; path = Base.lproj/Main_iPad.storyboard; sourceTree = "<group>"; };
		DC599B3D17EFE546006270CC /* Shader.fsh */ = {isa = PBXFileReference; lastKnownFileType = sourcecode.glsl; name = Shader.fsh; path = Shaders/Shader.fsh; sourceTree = "<group>"; };
		DC599B3F17EFE546006270CC /* Shader.vsh */ = {isa = PBXFileReference; lastKnownFileType = sourcecode.glsl; name = Shader.vsh; path = Shaders/Shader.vsh; sourceTree = "<group>"; };
		DC599B4117EFE547006270CC /* ViewController.h */ = {isa = PBXFileReference; lastKnownFileType = sourcecode.c.h; path = ViewController.h; sourceTree = "<group>"; };
		DC599B4217EFE547006270CC /* ViewController.m */ = {isa = PBXFileReference; lastKnownFileType = sourcecode.c.objc; path = ViewController.m; sourceTree = "<group>"; };
		DC599B4417EFE547006270CC /* Images.xcassets */ = {isa = PBXFileReference; lastKnownFileType = folder.assetcatalog; path = Images.xcassets; sourceTree = "<group>"; };
		DC599B4A17EFE547006270CC /* BubbleTroubleTests.xctest */ = {isa = PBXFileReference; explicitFileType = wrapper.cfbundle; includeInIndex = 0; path = BubbleTroubleTests.xctest; sourceTree = BUILT_PRODUCTS_DIR; };
		DC599B4B17EFE547006270CC /* XCTest.framework */ = {isa = PBXFileReference; lastKnownFileType = wrapper.framework; name = XCTest.framework; path = Library/Frameworks/XCTest.framework; sourceTree = DEVELOPER_DIR; };
		DC599B5317EFE547006270CC /* BubbleTroubleTests-Info.plist */ = {isa = PBXFileReference; lastKnownFileType = text.plist.xml; path = "BubbleTroubleTests-Info.plist"; sourceTree = "<group>"; };
		DC599B5517EFE547006270CC /* en */ = {isa = PBXFileReference; lastKnownFileType = text.plist.strings; name = en; path = en.lproj/InfoPlist.strings; sourceTree = "<group>"; };
		DC599B5717EFE547006270CC /* BubbleTroubleTests.m */ = {isa = PBXFileReference; lastKnownFileType = sourcecode.c.objc; path = BubbleTroubleTests.m; sourceTree = "<group>"; };
/* End PBXFileReference section */

/* Begin PBXFrameworksBuildPhase section */
		DC599B1B17EFE546006270CC /* Frameworks */ = {
			isa = PBXFrameworksBuildPhase;
			buildActionMask = 2147483647;
			files = (
				DC599B2A17EFE546006270CC /* OpenGLES.framework in Frameworks */,
				DC599B2417EFE546006270CC /* CoreGraphics.framework in Frameworks */,
				DC599B2617EFE546006270CC /* UIKit.framework in Frameworks */,
				DC599B2817EFE546006270CC /* GLKit.framework in Frameworks */,
				DC599B2217EFE546006270CC /* Foundation.framework in Frameworks */,
			);
			runOnlyForDeploymentPostprocessing = 0;
		};
		DC599B4717EFE547006270CC /* Frameworks */ = {
			isa = PBXFrameworksBuildPhase;
			buildActionMask = 2147483647;
			files = (
				DC599B4C17EFE547006270CC /* XCTest.framework in Frameworks */,
				DC599B4E17EFE547006270CC /* UIKit.framework in Frameworks */,
				DC599B4D17EFE547006270CC /* Foundation.framework in Frameworks */,
			);
			runOnlyForDeploymentPostprocessing = 0;
		};
/* End PBXFrameworksBuildPhase section */

/* Begin PBXGroup section */
		DC599B1517EFE546006270CC = {
			isa = PBXGroup;
			children = (
				DC599B2B17EFE546006270CC /* BubbleTrouble */,
				DC599B5117EFE547006270CC /* BubbleTroubleTests */,
				DC599B2017EFE546006270CC /* Frameworks */,
				DC599B1F17EFE546006270CC /* Products */,
			);
			sourceTree = "<group>";
		};
		DC599B1F17EFE546006270CC /* Products */ = {
			isa = PBXGroup;
			children = (
				DC599B1E17EFE546006270CC /* BubbleTrouble.app */,
				DC599B4A17EFE547006270CC /* BubbleTroubleTests.xctest */,
			);
			name = Products;
			sourceTree = "<group>";
		};
		DC599B2017EFE546006270CC /* Frameworks */ = {
			isa = PBXGroup;
			children = (
				DC599B2117EFE546006270CC /* Foundation.framework */,
				DC599B2317EFE546006270CC /* CoreGraphics.framework */,
				DC599B2517EFE546006270CC /* UIKit.framework */,
				DC599B2717EFE546006270CC /* GLKit.framework */,
				DC599B2917EFE546006270CC /* OpenGLES.framework */,
				DC599B4B17EFE547006270CC /* XCTest.framework */,
			);
			name = Frameworks;
			sourceTree = "<group>";
		};
		DC599B2B17EFE546006270CC /* BubbleTrouble */ = {
			isa = PBXGroup;
			children = (
				DC599B3417EFE546006270CC /* AppDelegate.h */,
				DC599B3517EFE546006270CC /* AppDelegate.m */,
				DC599B3717EFE546006270CC /* Main_iPhone.storyboard */,
				DC599B3A17EFE546006270CC /* Main_iPad.storyboard */,
				DC599B3D17EFE546006270CC /* Shader.fsh */,
				DC599B3F17EFE546006270CC /* Shader.vsh */,
				DC599B4117EFE547006270CC /* ViewController.h */,
				DC599B4217EFE547006270CC /* ViewController.m */,
				DC599B4417EFE547006270CC /* Images.xcassets */,
				DC599B2C17EFE546006270CC /* Supporting Files */,
			);
			path = BubbleTrouble;
			sourceTree = "<group>";
		};
		DC599B2C17EFE546006270CC /* Supporting Files */ = {
			isa = PBXGroup;
			children = (
				DC599B2D17EFE546006270CC /* BubbleTrouble-Info.plist */,
				DC599B2E17EFE546006270CC /* InfoPlist.strings */,
				DC599B3117EFE546006270CC /* main.m */,
				DC599B3317EFE546006270CC /* BubbleTrouble-Prefix.pch */,
			);
			name = "Supporting Files";
			sourceTree = "<group>";
		};
		DC599B5117EFE547006270CC /* BubbleTroubleTests */ = {
			isa = PBXGroup;
			children = (
				DC599B5717EFE547006270CC /* BubbleTroubleTests.m */,
				DC599B5217EFE547006270CC /* Supporting Files */,
			);
			path = BubbleTroubleTests;
			sourceTree = "<group>";
		};
		DC599B5217EFE547006270CC /* Supporting Files */ = {
			isa = PBXGroup;
			children = (
				DC599B5317EFE547006270CC /* BubbleTroubleTests-Info.plist */,
				DC599B5417EFE547006270CC /* InfoPlist.strings */,
			);
			name = "Supporting Files";
			sourceTree = "<group>";
		};
/* End PBXGroup section */

/* Begin PBXNativeTarget section */
		DC599B1D17EFE546006270CC /* BubbleTrouble */ = {
			isa = PBXNativeTarget;
			buildConfigurationList = DC599B5B17EFE547006270CC /* Build configuration list for PBXNativeTarget "BubbleTrouble" */;
			buildPhases = (
				DC599B1A17EFE546006270CC /* Sources */,
				DC599B1B17EFE546006270CC /* Frameworks */,
				DC599B1C17EFE546006270CC /* Resources */,
			);
			buildRules = (
			);
			dependencies = (
			);
			name = BubbleTrouble;
			productName = BubbleTrouble;
			productReference = DC599B1E17EFE546006270CC /* BubbleTrouble.app */;
			productType = "com.apple.product-type.application";
		};
		DC599B4917EFE547006270CC /* BubbleTroubleTests */ = {
			isa = PBXNativeTarget;
			buildConfigurationList = DC599B5E17EFE547006270CC /* Build configuration list for PBXNativeTarget "BubbleTroubleTests" */;
			buildPhases = (
				DC599B4617EFE547006270CC /* Sources */,
				DC599B4717EFE547006270CC /* Frameworks */,
				DC599B4817EFE547006270CC /* Resources */,
			);
			buildRules = (
			);
			dependencies = (
				DC599B5017EFE547006270CC /* PBXTargetDependency */,
			);
			name = BubbleTroubleTests;
			productName = BubbleTroubleTests;
			productReference = DC599B4A17EFE547006270CC /* BubbleTroubleTests.xctest */;
			productType = "com.apple.product-type.bundle.unit-test";
		};
/* End PBXNativeTarget section */

/* Begin PBXProject section */
		DC599B1617EFE546006270CC /* Project object */ = {
			isa = PBXProject;
			attributes = {
				LastUpgradeCheck = 0500;
				ORGANIZATIONNAME = "Dana Bienenfeld";
				TargetAttributes = {
					DC599B4917EFE547006270CC = {
						TestTargetID = DC599B1D17EFE546006270CC;
					};
				};
			};
			buildConfigurationList = DC599B1917EFE546006270CC /* Build configuration list for PBXProject "BubbleTrouble" */;
			compatibilityVersion = "Xcode 3.2";
			developmentRegion = English;
			hasScannedForEncodings = 0;
			knownRegions = (
				en,
				Base,
			);
			mainGroup = DC599B1517EFE546006270CC;
			productRefGroup = DC599B1F17EFE546006270CC /* Products */;
			projectDirPath = "";
			projectRoot = "";
			targets = (
				DC599B1D17EFE546006270CC /* BubbleTrouble */,
				DC599B4917EFE547006270CC /* BubbleTroubleTests */,
			);
		};
/* End PBXProject section */

/* Begin PBXResourcesBuildPhase section */
		DC599B1C17EFE546006270CC /* Resources */ = {
			isa = PBXResourcesBuildPhase;
			buildActionMask = 2147483647;
			files = (
				DC599B3E17EFE546006270CC /* Shader.fsh in Resources */,
				DC599B3C17EFE546006270CC /* Main_iPad.storyboard in Resources */,
				DC599B3917EFE546006270CC /* Main_iPhone.storyboard in Resources */,
				DC599B4517EFE547006270CC /* Images.xcassets in Resources */,
				DC599B3017EFE546006270CC /* InfoPlist.strings in Resources */,
				DC599B4017EFE546006270CC /* Shader.vsh in Resources */,
			);
			runOnlyForDeploymentPostprocessing = 0;
		};
		DC599B4817EFE547006270CC /* Resources */ = {
			isa = PBXResourcesBuildPhase;
			buildActionMask = 2147483647;
			files = (
				DC599B5617EFE547006270CC /* InfoPlist.strings in Resources */,
			);
			runOnlyForDeploymentPostprocessing = 0;
		};
/* End PBXResourcesBuildPhase section */

/* Begin PBXSourcesBuildPhase section */
		DC599B1A17EFE546006270CC /* Sources */ = {
			isa = PBXSourcesBuildPhase;
			buildActionMask = 2147483647;
			files = (
				DC599B4317EFE547006270CC /* ViewController.m in Sources */,
				DC599B3617EFE546006270CC /* AppDelegate.m in Sources */,
				DC599B3217EFE546006270CC /* main.m in Sources */,
			);
			runOnlyForDeploymentPostprocessing = 0;
		};
		DC599B4617EFE547006270CC /* Sources */ = {
			isa = PBXSourcesBuildPhase;
			buildActionMask = 2147483647;
			files = (
				DC599B5817EFE547006270CC /* BubbleTroubleTests.m in Sources */,
			);
			runOnlyForDeploymentPostprocessing = 0;
		};
/* End PBXSourcesBuildPhase section */

/* Begin PBXTargetDependency section */
		DC599B5017EFE547006270CC /* PBXTargetDependency */ = {
			isa = PBXTargetDependency;
			target = DC599B1D17EFE546006270CC /* BubbleTrouble */;
			targetProxy = DC599B4F17EFE547006270CC /* PBXContainerItemProxy */;
		};
/* End PBXTargetDependency section */

/* Begin PBXVariantGroup section */
		DC599B2E17EFE546006270CC /* InfoPlist.strings */ = {
			isa = PBXVariantGroup;
			children = (
				DC599B2F17EFE546006270CC /* en */,
			);
			name = InfoPlist.strings;
			sourceTree = "<group>";
		};
		DC599B3717EFE546006270CC /* Main_iPhone.storyboard */ = {
			isa = PBXVariantGroup;
			children = (
				DC599B3817EFE546006270CC /* Base */,
			);
			name = Main_iPhone.storyboard;
			sourceTree = "<group>";
		};
		DC599B3A17EFE546006270CC /* Main_iPad.storyboard */ = {
			isa = PBXVariantGroup;
			children = (
				DC599B3B17EFE546006270CC /* Base */,
			);
			name = Main_iPad.storyboard;
			sourceTree = "<group>";
		};
		DC599B5417EFE547006270CC /* InfoPlist.strings */ = {
			isa = PBXVariantGroup;
			children = (
				DC599B5517EFE547006270CC /* en */,
			);
			name = InfoPlist.strings;
			sourceTree = "<group>";
		};
/* End PBXVariantGroup section */

/* Begin XCBuildConfiguration section */
		DC599B5917EFE547006270CC /* Debug */ = {
			isa = XCBuildConfiguration;
			buildSettings = {
				ALWAYS_SEARCH_USER_PATHS = NO;
				ARCHS = "$(ARCHS_STANDARD_INCLUDING_64_BIT)";
				CLANG_CXX_LANGUAGE_STANDARD = "gnu++0x";
				CLANG_CXX_LIBRARY = "libc++";
				CLANG_ENABLE_MODULES = YES;
				CLANG_ENABLE_OBJC_ARC = YES;
				CLANG_WARN_BOOL_CONVERSION = YES;
				CLANG_WARN_CONSTANT_CONVERSION = YES;
				CLANG_WARN_DIRECT_OBJC_ISA_USAGE = YES_ERROR;
				CLANG_WARN_EMPTY_BODY = YES;
				CLANG_WARN_ENUM_CONVERSION = YES;
				CLANG_WARN_INT_CONVERSION = YES;
				CLANG_WARN_OBJC_ROOT_CLASS = YES_ERROR;
				CLANG_WARN__DUPLICATE_METHOD_MATCH = YES;
				"CODE_SIGN_IDENTITY[sdk=iphoneos*]" = "iPhone Developer";
				COPY_PHASE_STRIP = NO;
				GCC_C_LANGUAGE_STANDARD = gnu99;
				GCC_DYNAMIC_NO_PIC = NO;
				GCC_OPTIMIZATION_LEVEL = 0;
				GCC_PREPROCESSOR_DEFINITIONS = (
					"DEBUG=1",
					"$(inherited)",
				);
				GCC_SYMBOLS_PRIVATE_EXTERN = NO;
				GCC_WARN_64_TO_32_BIT_CONVERSION = YES;
				GCC_WARN_ABOUT_RETURN_TYPE = YES_ERROR;
				GCC_WARN_UNDECLARED_SELECTOR = YES;
				GCC_WARN_UNINITIALIZED_AUTOS = YES;
				GCC_WARN_UNUSED_FUNCTION = YES;
				GCC_WARN_UNUSED_VARIABLE = YES;
				IPHONEOS_DEPLOYMENT_TARGET = 7.0;
				ONLY_ACTIVE_ARCH = YES;
				SDKROOT = iphoneos;
				TARGETED_DEVICE_FAMILY = "1,2";
			};
			name = Debug;
		};
		DC599B5A17EFE547006270CC /* Release */ = {
			isa = XCBuildConfiguration;
			buildSettings = {
				ALWAYS_SEARCH_USER_PATHS = NO;
				ARCHS = "$(ARCHS_STANDARD_INCLUDING_64_BIT)";
				CLANG_CXX_LANGUAGE_STANDARD = "gnu++0x";
				CLANG_CXX_LIBRARY = "libc++";
				CLANG_ENABLE_MODULES = YES;
				CLANG_ENABLE_OBJC_ARC = YES;
				CLANG_WARN_BOOL_CONVERSION = YES;
				CLANG_WARN_CONSTANT_CONVERSION = YES;
				CLANG_WARN_DIRECT_OBJC_ISA_USAGE = YES_ERROR;
				CLANG_WARN_EMPTY_BODY = YES;
				CLANG_WARN_ENUM_CONVERSION = YES;
				CLANG_WARN_INT_CONVERSION = YES;
				CLANG_WARN_OBJC_ROOT_CLASS = YES_ERROR;
				CLANG_WARN__DUPLICATE_METHOD_MATCH = YES;
				"CODE_SIGN_IDENTITY[sdk=iphoneos*]" = "iPhone Developer";
				COPY_PHASE_STRIP = YES;
				ENABLE_NS_ASSERTIONS = NO;
				GCC_C_LANGUAGE_STANDARD = gnu99;
				GCC_WARN_64_TO_32_BIT_CONVERSION = YES;
				GCC_WARN_ABOUT_RETURN_TYPE = YES_ERROR;
				GCC_WARN_UNDECLARED_SELECTOR = YES;
				GCC_WARN_UNINITIALIZED_AUTOS = YES;
				GCC_WARN_UNUSED_FUNCTION = YES;
				GCC_WARN_UNUSED_VARIABLE = YES;
				IPHONEOS_DEPLOYMENT_TARGET = 7.0;
				SDKROOT = iphoneos;
				TARGETED_DEVICE_FAMILY = "1,2";
				VALIDATE_PRODUCT = YES;
			};
			name = Release;
		};
		DC599B5C17EFE547006270CC /* Debug */ = {
			isa = XCBuildConfiguration;
			buildSettings = {
				ASSETCATALOG_COMPILER_APPICON_NAME = AppIcon;
				ASSETCATALOG_COMPILER_LAUNCHIMAGE_NAME = LaunchImage;
				GCC_PRECOMPILE_PREFIX_HEADER = YES;
				GCC_PREFIX_HEADER = "BubbleTrouble/BubbleTrouble-Prefix.pch";
				INFOPLIST_FILE = "BubbleTrouble/BubbleTrouble-Info.plist";
				PRODUCT_NAME = "$(TARGET_NAME)";
				WRAPPER_EXTENSION = app;
			};
			name = Debug;
		};
		DC599B5D17EFE547006270CC /* Release */ = {
			isa = XCBuildConfiguration;
			buildSettings = {
				ASSETCATALOG_COMPILER_APPICON_NAME = AppIcon;
				ASSETCATALOG_COMPILER_LAUNCHIMAGE_NAME = LaunchImage;
				GCC_PRECOMPILE_PREFIX_HEADER = YES;
				GCC_PREFIX_HEADER = "BubbleTrouble/BubbleTrouble-Prefix.pch";
				INFOPLIST_FILE = "BubbleTrouble/BubbleTrouble-Info.plist";
				PRODUCT_NAME = "$(TARGET_NAME)";
				WRAPPER_EXTENSION = app;
			};
			name = Release;
		};
		DC599B5F17EFE547006270CC /* Debug */ = {
			isa = XCBuildConfiguration;
			buildSettings = {
				ARCHS = "$(ARCHS_STANDARD_INCLUDING_64_BIT)";
				BUNDLE_LOADER = "$(BUILT_PRODUCTS_DIR)/BubbleTrouble.app/BubbleTrouble";
				FRAMEWORK_SEARCH_PATHS = (
					"$(SDKROOT)/Developer/Library/Frameworks",
					"$(inherited)",
					"$(DEVELOPER_FRAMEWORKS_DIR)",
				);
				GCC_PRECOMPILE_PREFIX_HEADER = YES;
				GCC_PREFIX_HEADER = "BubbleTrouble/BubbleTrouble-Prefix.pch";
				GCC_PREPROCESSOR_DEFINITIONS = (
					"DEBUG=1",
					"$(inherited)",
				);
				INFOPLIST_FILE = "BubbleTroubleTests/BubbleTroubleTests-Info.plist";
				PRODUCT_NAME = "$(TARGET_NAME)";
				TEST_HOST = "$(BUNDLE_LOADER)";
				WRAPPER_EXTENSION = xctest;
			};
			name = Debug;
		};
		DC599B6017EFE547006270CC /* Release */ = {
			isa = XCBuildConfiguration;
			buildSettings = {
				ARCHS = "$(ARCHS_STANDARD_INCLUDING_64_BIT)";
				BUNDLE_LOADER = "$(BUILT_PRODUCTS_DIR)/BubbleTrouble.app/BubbleTrouble";
				FRAMEWORK_SEARCH_PATHS = (
					"$(SDKROOT)/Developer/Library/Frameworks",
					"$(inherited)",
					"$(DEVELOPER_FRAMEWORKS_DIR)",
				);
				GCC_PRECOMPILE_PREFIX_HEADER = YES;
				GCC_PREFIX_HEADER = "BubbleTrouble/BubbleTrouble-Prefix.pch";
				INFOPLIST_FILE = "BubbleTroubleTests/BubbleTroubleTests-Info.plist";
				PRODUCT_NAME = "$(TARGET_NAME)";
				TEST_HOST = "$(BUNDLE_LOADER)";
				WRAPPER_EXTENSION = xctest;
			};
			name = Release;
		};
/* End XCBuildConfiguration section */

/* Begin XCConfigurationList section */
		DC599B1917EFE546006270CC /* Build configuration list for PBXProject "BubbleTrouble" */ = {
			isa = XCConfigurationList;
			buildConfigurations = (
				DC599B5917EFE547006270CC /* Debug */,
				DC599B5A17EFE547006270CC /* Release */,
			);
			defaultConfigurationIsVisible = 0;
			defaultConfigurationName = Release;
		};
		DC599B5B17EFE547006270CC /* Build configuration list for PBXNativeTarget "BubbleTrouble" */ = {
			isa = XCConfigurationList;
			buildConfigurations = (
				DC599B5C17EFE547006270CC /* Debug */,
				DC599B5D17EFE547006270CC /* Release */,
			);
			defaultConfigurationIsVisible = 0;
		};
		DC599B5E17EFE547006270CC /* Build configuration list for PBXNativeTarget "BubbleTroubleTests" */ = {
			isa = XCConfigurationList;
			buildConfigurations = (
				DC599B5F17EFE547006270CC /* Debug */,
				DC599B6017EFE547006270CC /* Release */,
			);
			defaultConfigurationIsVisible = 0;
		};
/* End XCConfigurationList section */
	};
	rootObject = DC599B1617EFE546006270CC /* Project object */;
}
